<?xml version="1.0" encoding="utf-8"?>
<Project ToolsVersion="4.0" xmlns="http://schemas.microsoft.com/developer/msbuild/2003">
  <ItemGroup>
    <ClCompile Include="BitStreamReader.cpp">
      <Filter>SourceFiles</Filter>
    </ClCompile>
    <ClCompile Include="main.cpp">
      <Filter>SourceFiles</Filter>
    </ClCompile>
    <ClCompile Include="ColorSpace.cpp">
      <Filter>SourceFiles</Filter>
    </ClCompile>
    <ClCompile Include="8x8IDCT.cpp">
      <Filter>SourceFiles</Filter>
    </ClCompile>
  </ItemGroup>
  <ItemGroup>
    <ClInclude Include="BitStreamReader.h">
      <Filter>Header Files</Filter>
    </ClInclude>
    <ClInclude Include="ColorSpace.h">
      <Filter>Header Files</Filter>
    </ClInclude>
    <ClInclude Include="8x8IDCT.h">
      <Filter>Header Files</Filter>
    </ClInclude>
    <ClInclude Include="QuantizationTable.h">
      <Filter>Header Files</Filter>
    </ClInclude>
  </ItemGroup>
  <ItemGroup>
    <Filter Include="Header Files">
      <UniqueIdentifier>{da68edd8-9ad3-4609-8b57-630c8a278ff9}</UniqueIdentifier>
    </Filter>
    <Filter Include="SourceFiles">
      <UniqueIdentifier>{07819af2-420c-4741-b254-c6b8f197df1f}</UniqueIdentifier>
    </Filter>
  </ItemGroup>
</Project>